# This file is automatically @generated by Poetry 1.4.2 and should not be changed by hand.

[[package]]
name = "anyio"
version = "3.7.1"
description = "High level compatibility layer for multiple asynchronous event loop implementations"
category = "main"
optional = false
python-versions = ">=3.7"
files = [
    {file = "anyio-3.7.1-py3-none-any.whl", hash = "sha256:91dee416e570e92c64041bd18b900d1d6fa78dff7048769ce5ac5ddad004fbb5"},
    {file = "anyio-3.7.1.tar.gz", hash = "sha256:44a3c9aba0f5defa43261a8b3efb97891f2bd7d804e0e1f56419befa1adfc780"},
]

[package.dependencies]
idna = ">=2.8"
sniffio = ">=1.1"

[package.extras]
doc = ["Sphinx", "packaging", "sphinx-autodoc-typehints (>=1.2.0)", "sphinx-rtd-theme (>=1.2.2)", "sphinxcontrib-jquery"]
test = ["anyio[trio]", "coverage[toml] (>=4.5)", "hypothesis (>=4.0)", "mock (>=4)", "psutil (>=5.9)", "pytest (>=7.0)", "pytest-mock (>=3.6.1)", "trustme", "uvloop (>=0.17)"]
trio = ["trio (<0.22)"]

[[package]]
name = "asgiref"
version = "3.7.2"
description = "ASGI specs, helper code, and adapters"
category = "main"
optional = false
python-versions = ">=3.7"
files = [
    {file = "asgiref-3.7.2-py3-none-any.whl", hash = "sha256:89b2ef2247e3b562a16eef663bc0e2e703ec6468e2fa8a5cd61cd449786d4f6e"},
    {file = "asgiref-3.7.2.tar.gz", hash = "sha256:9e0ce3aa93a819ba5b45120216b23878cf6e8525eb3848653452b4192b92afed"},
]

[package.extras]
tests = ["mypy (>=0.800)", "pytest", "pytest-asyncio"]

[[package]]
name = "certifi"
version = "2023.5.7"
description = "Python package for providing Mozilla's CA Bundle."
category = "main"
optional = false
python-versions = ">=3.6"
files = [
    {file = "certifi-2023.5.7-py3-none-any.whl", hash = "sha256:c6c2e98f5c7869efca1f8916fed228dd91539f9f1b444c314c06eef02980c716"},
    {file = "certifi-2023.5.7.tar.gz", hash = "sha256:0f0d56dc5a6ad56fd4ba36484d6cc34451e1c6548c61daad8c320169f91eddc7"},
]

[[package]]
name = "dataclasses"
version = "0.6"
description = "A backport of the dataclasses module for Python 3.6"
category = "main"
optional = false
python-versions = "*"
files = [
    {file = "dataclasses-0.6-py3-none-any.whl", hash = "sha256:454a69d788c7fda44efd71e259be79577822f5e3f53f029a22d08004e951dc9f"},
    {file = "dataclasses-0.6.tar.gz", hash = "sha256:6988bd2b895eef432d562370bb707d540f32f7360ab13da45340101bc2307d84"},
]

[[package]]
name = "django"
version = "4.1.10"
description = "A high-level Python web framework that encourages rapid development and clean, pragmatic design."
category = "main"
optional = false
python-versions = ">=3.8"
files = [
    {file = "Django-4.1.10-py3-none-any.whl", hash = "sha256:26d0260c2fb8121009e62ffc548b2398dea2522b6454208a852fb0ef264c206c"},
    {file = "Django-4.1.10.tar.gz", hash = "sha256:56343019a9fd839e2e5bf203daf45f25af79d5bffa4c71d56eae4f4404d82ade"},
]

[package.dependencies]
asgiref = ">=3.5.2,<4"
sqlparse = ">=0.2.2"
tzdata = {version = "*", markers = "sys_platform == \"win32\""}

[package.extras]
argon2 = ["argon2-cffi (>=19.1.0)"]
bcrypt = ["bcrypt"]

[[package]]
name = "django-cors-headers"
version = "4.2.0"
description = "django-cors-headers is a Django application for handling the server headers required for Cross-Origin Resource Sharing (CORS)."
category = "main"
optional = false
python-versions = ">=3.8"
files = [
    {file = "django_cors_headers-4.2.0-py3-none-any.whl", hash = "sha256:9ada212b0e2efd4a5e339360ffc869cb21ac5605e810afe69f7308e577ea5bde"},
    {file = "django_cors_headers-4.2.0.tar.gz", hash = "sha256:f9749c6410fe738278bc2b6ef17f05195bc7b251693c035752d8257026af024f"},
]

[package.dependencies]
Django = ">=3.2"

[[package]]
name = "django-environ"
version = "0.10.0"
description = "A package that allows you to utilize 12factor inspired environment variables to configure your Django application."
category = "main"
optional = false
python-versions = ">=3.5,<4"
files = [
    {file = "django-environ-0.10.0.tar.gz", hash = "sha256:b3559a91439c9d774a9e0c1ced872364772c612cdf6dc919506a2b13f7a77225"},
    {file = "django_environ-0.10.0-py2.py3-none-any.whl", hash = "sha256:510f8c9c1d0a38b0815f91504270c29440a0cf44fab07f55942fa8d31bbb9be6"},
]

[package.extras]
develop = ["coverage[toml] (>=5.0a4)", "furo (>=2021.8.17b43,<2021.9.0)", "pytest (>=4.6.11)", "sphinx (>=3.5.0)", "sphinx-notfound-page"]
docs = ["furo (>=2021.8.17b43,<2021.9.0)", "sphinx (>=3.5.0)", "sphinx-notfound-page"]
testing = ["coverage[toml] (>=5.0a4)", "pytest (>=4.6.11)"]

[[package]]
name = "djangorestframework"
version = "3.14.0"
description = "Web APIs for Django, made easy."
category = "main"
optional = false
python-versions = ">=3.6"
files = [
    {file = "djangorestframework-3.14.0-py3-none-any.whl", hash = "sha256:eb63f58c9f218e1a7d064d17a70751f528ed4e1d35547fdade9aaf4cd103fd08"},
    {file = "djangorestframework-3.14.0.tar.gz", hash = "sha256:579a333e6256b09489cbe0a067e66abe55c6595d8926be6b99423786334350c8"},
]

[package.dependencies]
django = ">=3.0"
pytz = "*"

[[package]]
name = "djongo"
version = "1.3.6"
description = "Driver for allowing Django to use MongoDB as the database backend."
category = "main"
optional = false
python-versions = ">=3.6"
files = [
    {file = "djongo-1.3.6.tar.gz", hash = "sha256:2250d484d4b4025661c139162bafd359eabaffd0deeba18debc59df78a325dc7"},
]

[package.dependencies]
dataclasses = "*"
django = ">=2.1"
pymongo = ">=3.2.0"
sqlparse = "0.2.4"

[package.extras]
json = ["django-jsoneditor (>=0.0.12)", "jsonfield (>=2.0.2)"]

[[package]]
name = "dnspython"
version = "2.4.0"
description = "DNS toolkit"
category = "main"
optional = false
python-versions = ">=3.8,<4.0"
files = [
    {file = "dnspython-2.4.0-py3-none-any.whl", hash = "sha256:46b4052a55b56beea3a3bdd7b30295c292bd6827dd442348bc116f2d35b17f0a"},
    {file = "dnspython-2.4.0.tar.gz", hash = "sha256:758e691dbb454d5ccf4e1b154a19e52847f79e21a42fef17b969144af29a4e6c"},
]

[package.dependencies]
httpcore = {version = ">=0.17.3", markers = "python_version >= \"3.8\""}
sniffio = ">=1.1,<2.0"

[package.extras]
dnssec = ["cryptography (>=2.6,<42.0)"]
doh = ["h2 (>=4.1.0)", "httpx (>=0.24.1)"]
doq = ["aioquic (>=0.9.20)"]
idna = ["idna (>=2.1,<4.0)"]
trio = ["trio (>=0.14,<0.23)"]
wmi = ["wmi (>=1.5.1,<2.0.0)"]

[[package]]
name = "gunicorn"
version = "21.2.0"
description = "WSGI HTTP Server for UNIX"
category = "main"
optional = false
python-versions = ">=3.5"
files = [
    {file = "gunicorn-21.2.0-py3-none-any.whl", hash = "sha256:3213aa5e8c24949e792bcacfc176fef362e7aac80b76c56f6b5122bf350722f0"},
    {file = "gunicorn-21.2.0.tar.gz", hash = "sha256:88ec8bff1d634f98e61b9f65bc4bf3cd918a90806c6f5c48bc5603849ec81033"},
]

[package.dependencies]
packaging = "*"

[package.extras]
eventlet = ["eventlet (>=0.24.1)"]
gevent = ["gevent (>=1.4.0)"]
setproctitle = ["setproctitle"]
tornado = ["tornado (>=0.2)"]

[[package]]
name = "h11"
version = "0.14.0"
description = "A pure-Python, bring-your-own-I/O implementation of HTTP/1.1"
category = "main"
optional = false
python-versions = ">=3.7"
files = [
    {file = "h11-0.14.0-py3-none-any.whl", hash = "sha256:e3fe4ac4b851c468cc8363d500db52c2ead036020723024a109d37346efaa761"},
    {file = "h11-0.14.0.tar.gz", hash = "sha256:8f19fbbe99e72420ff35c00b27a34cb9937e902a8b810e2c88300c6f0a3b699d"},
]

[[package]]
name = "httpcore"
version = "0.17.3"
description = "A minimal low-level HTTP client."
category = "main"
optional = false
python-versions = ">=3.7"
files = [
    {file = "httpcore-0.17.3-py3-none-any.whl", hash = "sha256:c2789b767ddddfa2a5782e3199b2b7f6894540b17b16ec26b2c4d8e103510b87"},
    {file = "httpcore-0.17.3.tar.gz", hash = "sha256:a6f30213335e34c1ade7be6ec7c47f19f50c56db36abef1a9dfa3815b1cb3888"},
]

[package.dependencies]
anyio = ">=3.0,<5.0"
certifi = "*"
h11 = ">=0.13,<0.15"
sniffio = ">=1.0.0,<2.0.0"

[package.extras]
http2 = ["h2 (>=3,<5)"]
socks = ["socksio (>=1.0.0,<2.0.0)"]

[[package]]
name = "idna"
version = "3.4"
description = "Internationalized Domain Names in Applications (IDNA)"
category = "main"
optional = false
python-versions = ">=3.5"
files = [
    {file = "idna-3.4-py3-none-any.whl", hash = "sha256:90b77e79eaa3eba6de819a0c442c0b4ceefc341a7a2ab77d7562bf49f425c5c2"},
    {file = "idna-3.4.tar.gz", hash = "sha256:814f528e8dead7d329833b91c5faa87d60bf71824cd12a7530b5526063d02cb4"},
]

[[package]]
name = "packaging"
version = "23.1"
description = "Core utilities for Python packages"
category = "main"
optional = false
python-versions = ">=3.7"
files = [
    {file = "packaging-23.1-py3-none-any.whl", hash = "sha256:994793af429502c4ea2ebf6bf664629d07c1a9fe974af92966e4b8d2df7edc61"},
    {file = "packaging-23.1.tar.gz", hash = "sha256:a392980d2b6cffa644431898be54b0045151319d1e7ec34f0cfed48767dd334f"},
]

[[package]]
name = "pymongo"
version = "3.12.3"
description = "Python driver for MongoDB <http://www.mongodb.org>"
category = "main"
optional = false
python-versions = "*"
files = [
    {file = "pymongo-3.12.3-cp27-cp27m-macosx_10_14_intel.whl", hash = "sha256:c164eda0be9048f83c24b9b2656900041e069ddf72de81c17d874d0c32f6079f"},
    {file = "pymongo-3.12.3-cp27-cp27m-manylinux1_i686.whl", hash = "sha256:a055d29f1302892a9389a382bed10a3f77708bcf3e49bfb76f7712fa5f391cc6"},
    {file = "pymongo-3.12.3-cp27-cp27m-manylinux1_x86_64.whl", hash = "sha256:8c7ad5cab282f53b9d78d51504330d1c88c83fbe187e472c07e6908a0293142e"},
    {file = "pymongo-3.12.3-cp27-cp27m-manylinux_2_5_i686.manylinux1_i686.whl", hash = "sha256:a766157b195a897c64945d4ff87b050bb0e763bb78f3964e996378621c703b00"},
    {file = "pymongo-3.12.3-cp27-cp27m-manylinux_2_5_x86_64.manylinux1_x86_64.whl", hash = "sha256:c8d6bf6fcd42cde2f02efb8126812a010c297eacefcd090a609639d2aeda6185"},
    {file = "pymongo-3.12.3-cp27-cp27m-win32.whl", hash = "sha256:5fdffb0cfeb4dc8646a5381d32ec981ae8472f29c695bf09e8f7a8edb2db12ca"},
    {file = "pymongo-3.12.3-cp27-cp27m-win_amd64.whl", hash = "sha256:648fcfd8e019b122b7be0e26830a3a2224d57c3e934f19c1e53a77b8380e6675"},
    {file = "pymongo-3.12.3-cp27-cp27mu-manylinux1_i686.whl", hash = "sha256:3f0ac6e0203bd88863649e6ed9c7cfe53afab304bc8225f2597c4c0a74e4d1f0"},
    {file = "pymongo-3.12.3-cp27-cp27mu-manylinux1_x86_64.whl", hash = "sha256:71c0db2c313ea8a80825fb61b7826b8015874aec29ee6364ade5cb774fe4511b"},
    {file = "pymongo-3.12.3-cp27-cp27mu-manylinux_2_5_i686.manylinux1_i686.whl", hash = "sha256:5b779e87300635b8075e8d5cfd4fdf7f46078cd7610c381d956bca5556bb8f97"},
    {file = "pymongo-3.12.3-cp27-cp27mu-manylinux_2_5_x86_64.manylinux1_x86_64.whl", hash = "sha256:351a2efe1c9566c348ad0076f4bf541f4905a0ebe2d271f112f60852575f3c16"},
    {file = "pymongo-3.12.3-cp310-cp310-macosx_10_15_universal2.whl", hash = "sha256:858af7c2ab98f21ed06b642578b769ecfcabe4754648b033168a91536f7beef9"},
    {file = "pymongo-3.12.3-cp310-cp310-macosx_10_9_universal2.whl", hash = "sha256:0a02313e71b7c370c43056f6b16c45effbb2d29a44d24403a3d5ba6ed322fa3f"},
    {file = "pymongo-3.12.3-cp310-cp310-manylinux1_i686.whl", hash = "sha256:d3082e5c4d7b388792124f5e805b469109e58f1ab1eb1fbd8b998e8ab766ffb7"},
    {file = "pymongo-3.12.3-cp310-cp310-manylinux2014_aarch64.whl", hash = "sha256:514e78d20d8382d5b97f32b20c83d1d0452c302c9a135f0a9022236eb9940fda"},
    {file = "pymongo-3.12.3-cp310-cp310-manylinux2014_i686.whl", hash = "sha256:b1b5be40ebf52c3c67ee547e2c4435ed5bc6352f38d23e394520b686641a6be4"},
    {file = "pymongo-3.12.3-cp310-cp310-manylinux2014_ppc64le.whl", hash = "sha256:58db209da08a502ce6948841d522dcec80921d714024354153d00b054571993c"},
    {file = "pymongo-3.12.3-cp310-cp310-manylinux2014_s390x.whl", hash = "sha256:5296e5e69243ffd76bd919854c4da6630ae52e46175c804bc4c0e050d937b705"},
    {file = "pymongo-3.12.3-cp310-cp310-manylinux2014_x86_64.whl", hash = "sha256:51d1d061df3995c2332ae78f036492cc188cb3da8ef122caeab3631a67bb477e"},
    {file = "pymongo-3.12.3-cp310-cp310-manylinux_2_17_aarch64.manylinux2014_aarch64.whl", hash = "sha256:463b974b7f49d65a16ca1435bc1c25a681bb7d630509dd23b2e819ed36da0b7f"},
    {file = "pymongo-3.12.3-cp310-cp310-manylinux_2_17_ppc64le.manylinux2014_ppc64le.whl", hash = "sha256:e099b79ccf7c40f18b149a64d3d10639980035f9ceb223169dd806ff1bb0d9cc"},
    {file = "pymongo-3.12.3-cp310-cp310-manylinux_2_17_s390x.manylinux2014_s390x.whl", hash = "sha256:27e5ea64332385385b75414888ce9d1a9806be8616d7cef4ef409f4f256c6d06"},
    {file = "pymongo-3.12.3-cp310-cp310-manylinux_2_17_x86_64.manylinux2014_x86_64.whl", hash = "sha256:ed7d11330e443aeecab23866055e08a5a536c95d2c25333aeb441af2dbac38d2"},
    {file = "pymongo-3.12.3-cp310-cp310-manylinux_2_5_i686.manylinux1_i686.manylinux_2_17_i686.manylinux2014_i686.whl", hash = "sha256:93111fd4e08fa889c126aa8baf5c009a941880a539c87672e04583286517450a"},
    {file = "pymongo-3.12.3-cp310-cp310-win32.whl", hash = "sha256:2301051701b27aff2cbdf83fae22b7ca883c9563dfd088033267291b46196643"},
    {file = "pymongo-3.12.3-cp310-cp310-win_amd64.whl", hash = "sha256:c7e8221278e5f9e2b6d3893cfc3a3e46c017161a57bb0e6f244826e4cee97916"},
    {file = "pymongo-3.12.3-cp34-cp34m-macosx_10_6_intel.whl", hash = "sha256:7b4a9fcd95e978cd3c96cdc2096aa54705266551422cf0883c12a4044def31c6"},
    {file = "pymongo-3.12.3-cp34-cp34m-manylinux1_i686.whl", hash = "sha256:06b64cdf5121f86b78a84e61b8f899b6988732a8d304b503ea1f94a676221c06"},
    {file = "pymongo-3.12.3-cp34-cp34m-manylinux1_x86_64.whl", hash = "sha256:c8f7dd025cb0bf19e2f60a64dfc24b513c8330e0cfe4a34ccf941eafd6194d9e"},
    {file = "pymongo-3.12.3-cp34-cp34m-win32.whl", hash = "sha256:ab23b0545ec71ea346bf50a5d376d674f56205b729980eaa62cdb7871805014b"},
    {file = "pymongo-3.12.3-cp34-cp34m-win_amd64.whl", hash = "sha256:1b5cb75d2642ff7db823f509641f143f752c0d1ab03166cafea1e42e50469834"},
    {file = "pymongo-3.12.3-cp35-cp35m-macosx_10_6_intel.whl", hash = "sha256:fc2048d13ff427605fea328cbe5369dce549b8c7657b0e22051a5b8831170af6"},
    {file = "pymongo-3.12.3-cp35-cp35m-manylinux1_i686.whl", hash = "sha256:c5f83bb59d0ff60c6fdb1f8a7b0288fbc4640b1f0fd56f5ae2387749c35d34e3"},
    {file = "pymongo-3.12.3-cp35-cp35m-manylinux1_x86_64.whl", hash = "sha256:6632b1c63d58cddc72f43ab9f17267354ddce563dd5e11eadabd222dcc808808"},
    {file = "pymongo-3.12.3-cp35-cp35m-manylinux_2_5_i686.manylinux1_i686.whl", hash = "sha256:3fedad05147b40ff8a93fcd016c421e6c159f149a2a481cfa0b94bfa3e473bab"},
    {file = "pymongo-3.12.3-cp35-cp35m-manylinux_2_5_x86_64.manylinux1_x86_64.whl", hash = "sha256:208a61db8b8b647fb5b1ff3b52b4ed6dbced01eac3b61009958adb203596ee99"},
    {file = "pymongo-3.12.3-cp35-cp35m-win32.whl", hash = "sha256:3100a2352bdded6232b385ceda0c0a4624598c517d52c2d8cf014b7abbebd84d"},
    {file = "pymongo-3.12.3-cp35-cp35m-win_amd64.whl", hash = "sha256:3492ae1f97209c66af70e863e6420e6301cecb0a51a5efa701058aa73a8ca29e"},
    {file = "pymongo-3.12.3-cp36-cp36m-macosx_10_6_intel.whl", hash = "sha256:87e18f29bac4a6be76a30e74de9c9005475e27100acf0830679420ce1fd9a6fd"},
    {file = "pymongo-3.12.3-cp36-cp36m-manylinux1_i686.whl", hash = "sha256:b3e08aef4ea05afbc0a70cd23c13684e7f5e074f02450964ec5cfa1c759d33d2"},
    {file = "pymongo-3.12.3-cp36-cp36m-manylinux1_x86_64.whl", hash = "sha256:e66b3c9f8b89d4fd58a59c04fdbf10602a17c914fbaaa5e6ea593f1d54b06362"},
    {file = "pymongo-3.12.3-cp36-cp36m-manylinux2014_aarch64.whl", hash = "sha256:5d67dbc8da2dac1644d71c1839d12d12aa333e266a9964d5b1a49feed036bc94"},
    {file = "pymongo-3.12.3-cp36-cp36m-manylinux2014_i686.whl", hash = "sha256:a351986d6c9006308f163c359ced40f80b6cffb42069f3e569b979829951038d"},
    {file = "pymongo-3.12.3-cp36-cp36m-manylinux2014_ppc64le.whl", hash = "sha256:5296669bff390135528001b4e48d33a7acaffcd361d98659628ece7f282f11aa"},
    {file = "pymongo-3.12.3-cp36-cp36m-manylinux2014_s390x.whl", hash = "sha256:9d5b66d457d2c5739c184a777455c8fde7ab3600a56d8bbebecf64f7c55169e1"},
    {file = "pymongo-3.12.3-cp36-cp36m-manylinux2014_x86_64.whl", hash = "sha256:1c771f1a8b3cd2d697baaf57e9cfa4ae42371cacfbea42ea01d9577c06d92f96"},
    {file = "pymongo-3.12.3-cp36-cp36m-manylinux_2_17_aarch64.manylinux2014_aarch64.whl", hash = "sha256:81a3ebc33b1367f301d1c8eda57eec4868e951504986d5d3fe437479dcdac5b2"},
    {file = "pymongo-3.12.3-cp36-cp36m-manylinux_2_17_ppc64le.manylinux2014_ppc64le.whl", hash = "sha256:5cf113a46d81cff0559d57aa66ffa473d57d1a9496f97426318b6b5b14fdec1c"},
    {file = "pymongo-3.12.3-cp36-cp36m-manylinux_2_17_s390x.manylinux2014_s390x.whl", hash = "sha256:64b9122be1c404ce4eb367ad609b590394587a676d84bfed8e03c3ce76d70560"},
    {file = "pymongo-3.12.3-cp36-cp36m-manylinux_2_17_x86_64.manylinux2014_x86_64.whl", hash = "sha256:1c6c71e198b36f0f0dfe354f06d3655ecfa30d69493a1da125a9a54668aad652"},
    {file = "pymongo-3.12.3-cp36-cp36m-manylinux_2_5_i686.manylinux1_i686.manylinux_2_17_i686.manylinux2014_i686.whl", hash = "sha256:33ab8c031f788609924e329003088831045f683931932a52a361d4a955b7dce2"},
    {file = "pymongo-3.12.3-cp36-cp36m-manylinux_2_5_i686.manylinux1_i686.whl", hash = "sha256:e2b4c95c47fb81b19ea77dc1c50d23af3eba87c9628fcc2e03d44124a3d336ea"},
    {file = "pymongo-3.12.3-cp36-cp36m-manylinux_2_5_x86_64.manylinux1_x86_64.whl", hash = "sha256:4e0a3ea7fd01cf0a36509f320226bd8491e0f448f00b8cb89f601c109f6874e1"},
    {file = "pymongo-3.12.3-cp36-cp36m-win32.whl", hash = "sha256:dfec57f15f53d677b8e4535695ff3f37df7f8fe431f2efa8c3c8c4025b53d1eb"},
    {file = "pymongo-3.12.3-cp36-cp36m-win_amd64.whl", hash = "sha256:c22591cff80188dd8543be0b559d0c807f7288bd353dc0bcfe539b4588b3a5cd"},
    {file = "pymongo-3.12.3-cp37-cp37m-macosx_10_6_intel.whl", hash = "sha256:7738147cd9dbd6d18d5593b3491b4620e13b61de975fd737283e4ad6c255c273"},
    {file = "pymongo-3.12.3-cp37-cp37m-manylinux1_i686.whl", hash = "sha256:be1f10145f7ea76e3e836fdc5c8429c605675bdcddb0bca9725ee6e26874c00c"},
    {file = "pymongo-3.12.3-cp37-cp37m-manylinux1_x86_64.whl", hash = "sha256:295a5beaecb7bf054c1c6a28749ed72b19f4d4b61edcd8a0815d892424baf780"},
    {file = "pymongo-3.12.3-cp37-cp37m-manylinux2014_aarch64.whl", hash = "sha256:320f8734553c50cffe8a8e1ae36dfc7d7be1941c047489db20a814d2a170d7b5"},
    {file = "pymongo-3.12.3-cp37-cp37m-manylinux2014_i686.whl", hash = "sha256:5d20072d81cbfdd8e15e6a0c91fc7e3a4948c71e0adebfc67d3b4bcbe8602711"},
    {file = "pymongo-3.12.3-cp37-cp37m-manylinux2014_ppc64le.whl", hash = "sha256:2c46a0afef69d61938a6fe32c3afd75b91dec3ab3056085dc72abbeedcc94166"},
    {file = "pymongo-3.12.3-cp37-cp37m-manylinux2014_s390x.whl", hash = "sha256:5f530f35e1a57d4360eddcbed6945aecdaee2a491cd3f17025e7b5f2eea88ee7"},
    {file = "pymongo-3.12.3-cp37-cp37m-manylinux2014_x86_64.whl", hash = "sha256:6526933760ee1e6090db808f1690a111ec409699c1990efc96f134d26925c37f"},
    {file = "pymongo-3.12.3-cp37-cp37m-manylinux_2_17_aarch64.manylinux2014_aarch64.whl", hash = "sha256:95d15cf81cd2fb926f2a6151a9f94c7aacc102b415e72bc0e040e29332b6731c"},
    {file = "pymongo-3.12.3-cp37-cp37m-manylinux_2_17_ppc64le.manylinux2014_ppc64le.whl", hash = "sha256:0d52a70350ec3dfc39b513df12b03b7f4c8f8ec6873bbf958299999db7b05eb1"},
    {file = "pymongo-3.12.3-cp37-cp37m-manylinux_2_17_s390x.manylinux2014_s390x.whl", hash = "sha256:9252c991e8176b5a2fa574c5ab9a841679e315f6e576eb7cf0bd958f3e39b0ad"},
    {file = "pymongo-3.12.3-cp37-cp37m-manylinux_2_17_x86_64.manylinux2014_x86_64.whl", hash = "sha256:145d78c345a38011497e55aff22c0f8edd40ee676a6810f7e69563d68a125e83"},
    {file = "pymongo-3.12.3-cp37-cp37m-manylinux_2_5_i686.manylinux1_i686.manylinux_2_17_i686.manylinux2014_i686.whl", hash = "sha256:a8e0a086dbbee406cc6f603931dfe54d1cb2fba585758e06a2de01037784b737"},
    {file = "pymongo-3.12.3-cp37-cp37m-manylinux_2_5_i686.manylinux1_i686.whl", hash = "sha256:f6d5443104f89a840250087863c91484a72f254574848e951d1bdd7d8b2ce7c9"},
    {file = "pymongo-3.12.3-cp37-cp37m-manylinux_2_5_x86_64.manylinux1_x86_64.whl", hash = "sha256:6f93dbfa5a461107bc3f5026e0d5180499e13379e9404f07a9f79eb5e9e1303d"},
    {file = "pymongo-3.12.3-cp37-cp37m-win32.whl", hash = "sha256:c9d212e2af72d5c8d082775a43eb726520e95bf1c84826440f74225843975136"},
    {file = "pymongo-3.12.3-cp37-cp37m-win_amd64.whl", hash = "sha256:320a1fe403dd83a35709fcf01083d14bc1462e9789b711201349a9158db3a87e"},
    {file = "pymongo-3.12.3-cp38-cp38-macosx_10_9_x86_64.whl", hash = "sha256:a1ba93be779a9b8e5e44f5c133dc1db4313661cead8a2fd27661e6cb8d942ee9"},
    {file = "pymongo-3.12.3-cp38-cp38-manylinux1_i686.whl", hash = "sha256:4294f2c1cd069b793e31c2e6d7ac44b121cf7cedccd03ebcc30f3fc3417b314a"},
    {file = "pymongo-3.12.3-cp38-cp38-manylinux1_x86_64.whl", hash = "sha256:845b178bd127bb074835d2eac635b980c58ec5e700ebadc8355062df708d5a71"},
    {file = "pymongo-3.12.3-cp38-cp38-manylinux2014_aarch64.whl", hash = "sha256:176fdca18391e1206c32fb1d8265628a84d28333c20ad19468d91e3e98312cd1"},
    {file = "pymongo-3.12.3-cp38-cp38-manylinux2014_i686.whl", hash = "sha256:28bfd5244d32faf3e49b5a8d1fab0631e922c26e8add089312e4be19fb05af50"},
    {file = "pymongo-3.12.3-cp38-cp38-manylinux2014_ppc64le.whl", hash = "sha256:f38b35ecd2628bf0267761ed659e48af7e620a7fcccfccf5774e7308fb18325c"},
    {file = "pymongo-3.12.3-cp38-cp38-manylinux2014_s390x.whl", hash = "sha256:cebb3d8bcac4a6b48be65ebbc5c9881ed4a738e27bb96c86d9d7580a1fb09e05"},
    {file = "pymongo-3.12.3-cp38-cp38-manylinux2014_x86_64.whl", hash = "sha256:80710d7591d579442c67a3bc7ae9dcba9ff95ea8414ac98001198d894fc4ff46"},
    {file = "pymongo-3.12.3-cp38-cp38-manylinux_2_17_aarch64.manylinux2014_aarch64.whl", hash = "sha256:89d7baa847383b9814de640c6f1a8553d125ec65e2761ad146ea2e75a7ad197c"},
    {file = "pymongo-3.12.3-cp38-cp38-manylinux_2_17_ppc64le.manylinux2014_ppc64le.whl", hash = "sha256:602284e652bb56ca8760f8e88a5280636c5b63d7946fca1c2fe0f83c37dffc64"},
    {file = "pymongo-3.12.3-cp38-cp38-manylinux_2_17_s390x.manylinux2014_s390x.whl", hash = "sha256:bfc2d763d05ec7211313a06e8571236017d3e61d5fef97fcf34ec4b36c0b6556"},
    {file = "pymongo-3.12.3-cp38-cp38-manylinux_2_17_x86_64.manylinux2014_x86_64.whl", hash = "sha256:7a6e4dccae8ef5dd76052647d78f02d5d0ffaff1856277d951666c54aeba3ad2"},
    {file = "pymongo-3.12.3-cp38-cp38-manylinux_2_5_i686.manylinux1_i686.manylinux_2_17_i686.manylinux2014_i686.whl", hash = "sha256:e1fc4d3985868860b6585376e511bb32403c5ffb58b0ed913496c27fd791deea"},
    {file = "pymongo-3.12.3-cp38-cp38-manylinux_2_5_i686.manylinux1_i686.whl", hash = "sha256:e4e5d163e6644c2bc84dd9f67bfa89288c23af26983d08fefcc2cbc22f6e57e6"},
    {file = "pymongo-3.12.3-cp38-cp38-manylinux_2_5_x86_64.manylinux1_x86_64.whl", hash = "sha256:8d92c6bb9174d47c2257528f64645a00bbc6324a9ff45a626192797aff01dc14"},
    {file = "pymongo-3.12.3-cp38-cp38-win32.whl", hash = "sha256:b0db9a4691074c347f5d7ee830ab3529bc5ad860939de21c1f9c403daf1eda9a"},
    {file = "pymongo-3.12.3-cp38-cp38-win_amd64.whl", hash = "sha256:d81047341ab56061aa4b6823c54d4632579c3b16e675089e8f520e9b918a133b"},
    {file = "pymongo-3.12.3-cp39-cp39-macosx_10_9_x86_64.whl", hash = "sha256:07398d8a03545b98282f459f2603a6bb271f4448d484ed7f411121a519a7ea48"},
    {file = "pymongo-3.12.3-cp39-cp39-manylinux1_i686.whl", hash = "sha256:b7df0d99e189b7027d417d4bfd9b8c53c9c7ed5a0a1495d26a6f547d820eca88"},
    {file = "pymongo-3.12.3-cp39-cp39-manylinux1_x86_64.whl", hash = "sha256:a283425e6a474facd73072d8968812d1d9058490a5781e022ccf8895500b83ce"},
    {file = "pymongo-3.12.3-cp39-cp39-manylinux2014_aarch64.whl", hash = "sha256:2577b8161eeae4dd376d13100b2137d883c10bb457dd08935f60c9f9d4b5c5f6"},
    {file = "pymongo-3.12.3-cp39-cp39-manylinux2014_i686.whl", hash = "sha256:517b09b1dd842390a965a896d1327c55dfe78199c9f5840595d40facbcd81854"},
    {file = "pymongo-3.12.3-cp39-cp39-manylinux2014_ppc64le.whl", hash = "sha256:2567885ff0c8c7c0887ba6cefe4ae4af96364a66a7069f924ce0cd12eb971d04"},
    {file = "pymongo-3.12.3-cp39-cp39-manylinux2014_s390x.whl", hash = "sha256:71c5c200fd37a5322706080b09c3ec8907cf01c377a7187f354fc9e9e13abc73"},
    {file = "pymongo-3.12.3-cp39-cp39-manylinux2014_x86_64.whl", hash = "sha256:14dee106a10b77224bba5efeeb6aee025aabe88eb87a2b850c46d3ee55bdab4a"},
    {file = "pymongo-3.12.3-cp39-cp39-manylinux_2_17_aarch64.manylinux2014_aarch64.whl", hash = "sha256:f340a2a908644ea6cccd399be0fb308c66e05d2800107345f9f0f0d59e1731c4"},
    {file = "pymongo-3.12.3-cp39-cp39-manylinux_2_17_ppc64le.manylinux2014_ppc64le.whl", hash = "sha256:1b4c535f524c9d8c86c3afd71d199025daa070859a2bdaf94a298120b0de16db"},
    {file = "pymongo-3.12.3-cp39-cp39-manylinux_2_17_s390x.manylinux2014_s390x.whl", hash = "sha256:8455176fd1b86de97d859fed4ae0ef867bf998581f584c7a1a591246dfec330f"},
    {file = "pymongo-3.12.3-cp39-cp39-manylinux_2_17_x86_64.manylinux2014_x86_64.whl", hash = "sha256:bf254a1a95e95fdf4eaa25faa1ea450a6533ed7a997f9f8e49ab971b61ea514d"},
    {file = "pymongo-3.12.3-cp39-cp39-manylinux_2_5_i686.manylinux1_i686.manylinux_2_17_i686.manylinux2014_i686.whl", hash = "sha256:a8a3540e21213cb8ce232e68a7d0ee49cdd35194856c50b8bd87eeb572fadd42"},
    {file = "pymongo-3.12.3-cp39-cp39-manylinux_2_5_i686.manylinux1_i686.whl", hash = "sha256:0e7a5d0b9077e8c3e57727f797ee8adf12e1d5e7534642230d98980d160d1320"},
    {file = "pymongo-3.12.3-cp39-cp39-manylinux_2_5_x86_64.manylinux1_x86_64.whl", hash = "sha256:0be605bfb8461384a4cb81e80f51eb5ca1b89851f2d0e69a75458c788a7263a4"},
    {file = "pymongo-3.12.3-cp39-cp39-win32.whl", hash = "sha256:2157d68f85c28688e8b723bbe70c8013e0aba5570e08c48b3562f74d33fc05c4"},
    {file = "pymongo-3.12.3-cp39-cp39-win_amd64.whl", hash = "sha256:dfa217bf8cf3ff6b30c8e6a89014e0c0e7b50941af787b970060ae5ba04a4ce5"},
    {file = "pymongo-3.12.3.tar.gz", hash = "sha256:0a89cadc0062a5e53664dde043f6c097172b8c1c5f0094490095282ff9995a5f"},
]

[package.extras]
aws = ["pymongo-auth-aws (<2.0.0)"]
encryption = ["pymongocrypt (>=1.1.0,<2.0.0)"]
gssapi = ["pykerberos"]
ocsp = ["certifi", "pyopenssl (>=17.2.0)", "requests (<3.0.0)", "service-identity (>=18.1.0)"]
snappy = ["python-snappy"]
srv = ["dnspython (>=1.16.0,<1.17.0)"]
tls = ["ipaddress"]
zstd = ["zstandard"]

[[package]]
name = "pytz"
version = "2023.3"
description = "World timezone definitions, modern and historical"
category = "main"
optional = false
python-versions = "*"
files = [
    {file = "pytz-2023.3-py2.py3-none-any.whl", hash = "sha256:a151b3abb88eda1d4e34a9814df37de2a80e301e68ba0fd856fb9b46bfbbbffb"},
    {file = "pytz-2023.3.tar.gz", hash = "sha256:1d8ce29db189191fb55338ee6d0387d82ab59f3d00eac103412d64e0ebd0c588"},
]

[[package]]
name = "sniffio"
version = "1.3.0"
description = "Sniff out which async library your code is running under"
category = "main"
optional = false
python-versions = ">=3.7"
files = [
    {file = "sniffio-1.3.0-py3-none-any.whl", hash = "sha256:eecefdce1e5bbfb7ad2eeaabf7c1eeb404d7757c379bd1f7e5cce9d8bf425384"},
    {file = "sniffio-1.3.0.tar.gz", hash = "sha256:e60305c5e5d314f5389259b7f22aaa33d8f7dee49763119234af3755c55b9101"},
]

[[package]]
name = "sqlparse"
version = "0.2.4"
description = "Non-validating SQL parser"
category = "main"
optional = false
python-versions = "*"
files = [
    {file = "sqlparse-0.2.4-py2.py3-none-any.whl", hash = "sha256:d9cf190f51cbb26da0412247dfe4fb5f4098edb73db84e02f9fc21fdca31fed4"},
    {file = "sqlparse-0.2.4.tar.gz", hash = "sha256:ce028444cfab83be538752a2ffdb56bc417b7784ff35bb9a3062413717807dec"},
]

[[package]]
name = "tzdata"
version = "2023.3"
description = "Provider of IANA time zone data"
category = "main"
optional = false
python-versions = ">=2"
files = [
    {file = "tzdata-2023.3-py2.py3-none-any.whl", hash = "sha256:7e65763eef3120314099b6939b5546db7adce1e7d6f2e179e3df563c70511eda"},
    {file = "tzdata-2023.3.tar.gz", hash = "sha256:11ef1e08e54acb0d4f95bdb1be05da659673de4acbd21bf9c69e94cc5e907a3a"},
]

[metadata]
lock-version = "2.0"
python-versions = "^3.11"
content-hash = "2c5c5e9dc348b4532395f36ee308c5ed33bfbfb090063e7b6c367c72c8129dc3"
